
Microsoft Visual Studio Solution File, Format Version 12.00
# Visual Studio Version 16
VisualStudioVersion = 16.0.810.16
MinimumVisualStudioVersion = 10.0.40219.1
Project("{FAE04EC0-301F-11D3-BF4B-00C04F79EFBC}") = "Mission3Assignment", "Mission3Assignment.csproj", "{0C176345-EB8C-45B8-B8D4-8CCBE61C563F}"
EndProject
Global
	GlobalSection(SolutionConfigurationPlatforms) = preSolution
		Debug|Any CPU = Debug|Any CPU
		Release|Any CPU = Release|Any CPU
	EndGlobalSection
	GlobalSection(ProjectConfigurationPlatforms) = postSolution
		{0C176345-EB8C-45B8-B8D4-8CCBE61C563F}.Debug|Any CPU.ActiveCfg = Debug|Any CPU
		{0C176345-EB8C-45B8-B8D4-8CCBE61C563F}.Debug|Any CPU.Build.0 = Debug|Any CPU
		{0C176345-EB8C-45B8-B8D4-8CCBE61C563F}.Release|Any CPU.ActiveCfg = Release|Any CPU
		{0C176345-EB8C-45B8-B8D4-8CCBE61C563F}.Release|Any CPU.Build.0 = Release|Any CPU
	EndGlobalSection
	GlobalSection(SolutionProperties) = preSolution
		HideSolutionNode = FALSE
	EndGlobalSection
	GlobalSection(ExtensibilityGlobals) = postSolution
		SolutionGuid = {EBE3C693-5E5C-43E5-BF1B-B260E3CB423B}
	EndGlobalSection
EndGlobal
